
Microsoft Visual Studio Solution File, Format Version 12.00
# Visual Studio Version 17
VisualStudioVersion = 17.4.33110.190
MinimumVisualStudioVersion = 10.0.40219.1
Project("{FAE04EC0-301F-11D3-BF4B-00C04F79EFBC}") = "PanicBuyingSurvey", "PanicBuyingSurvey\PanicBuyingSurvey.csproj", "{A13D97B8-74A7-4A3C-AE6D-2E8AB7DD1A7E}"
EndProject
Global
	GlobalSection(SolutionConfigurationPlatforms) = preSolution
		Debug|Any CPU = Debug|Any CPU
		Release|Any CPU = Release|Any CPU
	EndGlobalSection
	GlobalSection(ProjectConfigurationPlatforms) = postSolution
		{A13D97B8-74A7-4A3C-AE6D-2E8AB7DD1A7E}.Debug|Any CPU.ActiveCfg = Debug|Any CPU
		{A13D97B8-74A7-4A3C-AE6D-2E8AB7DD1A7E}.Debug|Any CPU.Build.0 = Debug|Any CPU
		{A13D97B8-74A7-4A3C-AE6D-2E8AB7DD1A7E}.Release|Any CPU.ActiveCfg = Release|Any CPU
		{A13D97B8-74A7-4A3C-AE6D-2E8AB7DD1A7E}.Release|Any CPU.Build.0 = Release|Any CPU
	EndGlobalSection
	GlobalSection(SolutionProperties) = preSolution
		HideSolutionNode = FALSE
	EndGlobalSection
	GlobalSection(ExtensibilityGlobals) = postSolution
		SolutionGuid = {CDE3B633-968D-402B-A404-CD36AC0C9B75}
	EndGlobalSection
EndGlobal
